
Microsoft Visual Studio Solution File, Format Version 12.00
# Visual Studio Version 17
VisualStudioVersion = 17.13.36105.23 d17.13
MinimumVisualStudioVersion = 10.0.40219.1
Project("{8BC9CEB8-8B4A-11D0-8D11-00A0C91BC942}") = "minesweeper_project", "minesweeper_project\minesweeper_project.vcxproj", "{39F1AFA1-A5A5-4787-8DAC-0F3941A5AD7E}"
EndProject
Global
	GlobalSection(SolutionConfigurationPlatforms) = preSolution
		Debug|x64 = Debug|x64
		Debug|x86 = Debug|x86
		Release|x64 = Release|x64
		Release|x86 = Release|x86
	EndGlobalSection
	GlobalSection(ProjectConfigurationPlatforms) = postSolution
		{39F1AFA1-A5A5-4787-8DAC-0F3941A5AD7E}.Debug|x64.ActiveCfg = Debug|x64
		{39F1AFA1-A5A5-4787-8DAC-0F3941A5AD7E}.Debug|x64.Build.0 = Debug|x64
		{39F1AFA1-A5A5-4787-8DAC-0F3941A5AD7E}.Debug|x86.ActiveCfg = Debug|Win32
		{39F1AFA1-A5A5-4787-8DAC-0F3941A5AD7E}.Debug|x86.Build.0 = Debug|Win32
		{39F1AFA1-A5A5-4787-8DAC-0F3941A5AD7E}.Release|x64.ActiveCfg = Release|x64
		{39F1AFA1-A5A5-4787-8DAC-0F3941A5AD7E}.Release|x64.Build.0 = Release|x64
		{39F1AFA1-A5A5-4787-8DAC-0F3941A5AD7E}.Release|x86.ActiveCfg = Release|Win32
		{39F1AFA1-A5A5-4787-8DAC-0F3941A5AD7E}.Release|x86.Build.0 = Release|Win32
	EndGlobalSection
	GlobalSection(SolutionProperties) = preSolution
		HideSolutionNode = FALSE
	EndGlobalSection
	GlobalSection(ExtensibilityGlobals) = postSolution
		SolutionGuid = {886A95A5-BECB-43B0-865F-1E83D70D9F75}
	EndGlobalSection
EndGlobal
